
Microsoft Visual Studio Solution File, Format Version 12.00
# Visual Studio 15
VisualStudioVersion = 15.0.27130.2036
MinimumVisualStudioVersion = 10.0.40219.1
Project("{2150E333-8FDC-42A3-9474-1A3956D46DE8}") = "Solution Items", "Solution Items", "{81F4BA7C-3E60-454B-87CF-A4032FE82939}"
	ProjectSection(SolutionItems) = preProject
		Local.testsettings = Local.testsettings
		Performance1.psess = Performance1.psess
		TraceAndTestImpact.testsettings = TraceAndTestImpact.testsettings
	EndProjectSection
EndProject
Project("{2150E333-8FDC-42A3-9474-1A3956D46DE8}") = ".nuget", ".nuget", "{9C5C4083-6126-45D2-A2E4-7487DAEE1D34}"
	ProjectSection(SolutionItems) = preProject
		.nuget\NuGet.Config = .nuget\NuGet.Config
		.nuget\NuGet.exe = .nuget\NuGet.exe
		.nuget\NuGet.targets = .nuget\NuGet.targets
		.nuget\packages.config = .nuget\packages.config
	EndProjectSection
EndProject
Project("{9A19103F-16F7-4668-BE54-9A1E7A4F7556}") = "Lazinator", "Lazinator\Lazinator.csproj", "{2B97C92F-6A04-4D10-979C-DBE443732381}"
EndProject
Project("{9A19103F-16F7-4668-BE54-9A1E7A4F7556}") = "LazinatorTests", "LazinatorTests\LazinatorTests.csproj", "{EA9F7315-9198-4F24-AA79-6A6D050D41CD}"
EndProject
Project("{9A19103F-16F7-4668-BE54-9A1E7A4F7556}") = "LazinatorAnalyzer", "LazinatorAnalyzer\LazinatorAnalyzer.csproj", "{0A58EAB9-7C0F-4F68-8DDF-280CAEFD3600}"
EndProject
Project("{FAE04EC0-301F-11D3-BF4B-00C04F79EFBC}") = "LazinatorAnalyzer.Vsix", "LazinatorAnalyzer.Vsix\LazinatorAnalyzer.Vsix.csproj", "{461F19AC-4F96-4132-ABDE-D10A437E4031}"
EndProject
Project("{9A19103F-16F7-4668-BE54-9A1E7A4F7556}") = "LazinatorCollections", "LazinatorCollections\LazinatorCollections.csproj", "{98223F72-4EE1-4E41-BDDE-3AEC975553FD}"
EndProject
Project("{9A19103F-16F7-4668-BE54-9A1E7A4F7556}") = "LazinatorCollectionsTests", "LazinatorCollectionsTests\LazinatorCollectionsTests.csproj", "{D720427E-5253-49D5-B9A5-3CB33ED5AD9E}"
EndProject
Project("{FAE04EC0-301F-11D3-BF4B-00C04F79EFBC}") = "LazinatorAvlCollections", "LazinatorAvlCollections\LazinatorAvlCollections.csproj", "{7D6D562B-F08A-4829-9078-B37353515FE2}"
EndProject
Project("{FAE04EC0-301F-11D3-BF4B-00C04F79EFBC}") = "LazinatorAvlCollectionsTests.cs", "LazinatorAvlCollectionsTests.cs\LazinatorAvlCollectionsTests.cs.csproj", "{7268A054-8D8E-466E-8852-60668E4F2E31}"
EndProject
Global
	GlobalSection(SolutionConfigurationPlatforms) = preSolution
		Debug|Any CPU = Debug|Any CPU
		Release|Any CPU = Release|Any CPU
	EndGlobalSection
	GlobalSection(ProjectConfigurationPlatforms) = postSolution
		{2B97C92F-6A04-4D10-979C-DBE443732381}.Debug|Any CPU.ActiveCfg = Debug|Any CPU
		{2B97C92F-6A04-4D10-979C-DBE443732381}.Debug|Any CPU.Build.0 = Debug|Any CPU
		{2B97C92F-6A04-4D10-979C-DBE443732381}.Release|Any CPU.ActiveCfg = Release|Any CPU
		{2B97C92F-6A04-4D10-979C-DBE443732381}.Release|Any CPU.Build.0 = Release|Any CPU
		{EA9F7315-9198-4F24-AA79-6A6D050D41CD}.Debug|Any CPU.ActiveCfg = Debug|Any CPU
		{EA9F7315-9198-4F24-AA79-6A6D050D41CD}.Debug|Any CPU.Build.0 = Debug|Any CPU
		{EA9F7315-9198-4F24-AA79-6A6D050D41CD}.Release|Any CPU.ActiveCfg = Release|Any CPU
		{EA9F7315-9198-4F24-AA79-6A6D050D41CD}.Release|Any CPU.Build.0 = Release|Any CPU
		{0A58EAB9-7C0F-4F68-8DDF-280CAEFD3600}.Debug|Any CPU.ActiveCfg = Debug|Any CPU
		{0A58EAB9-7C0F-4F68-8DDF-280CAEFD3600}.Debug|Any CPU.Build.0 = Debug|Any CPU
		{0A58EAB9-7C0F-4F68-8DDF-280CAEFD3600}.Release|Any CPU.ActiveCfg = Release|Any CPU
		{0A58EAB9-7C0F-4F68-8DDF-280CAEFD3600}.Release|Any CPU.Build.0 = Release|Any CPU
		{461F19AC-4F96-4132-ABDE-D10A437E4031}.Debug|Any CPU.ActiveCfg = Debug|Any CPU
		{461F19AC-4F96-4132-ABDE-D10A437E4031}.Debug|Any CPU.Build.0 = Debug|Any CPU
		{461F19AC-4F96-4132-ABDE-D10A437E4031}.Release|Any CPU.ActiveCfg = Release|Any CPU
		{461F19AC-4F96-4132-ABDE-D10A437E4031}.Release|Any CPU.Build.0 = Release|Any CPU
		{98223F72-4EE1-4E41-BDDE-3AEC975553FD}.Debug|Any CPU.ActiveCfg = Debug|Any CPU
		{98223F72-4EE1-4E41-BDDE-3AEC975553FD}.Debug|Any CPU.Build.0 = Debug|Any CPU
		{98223F72-4EE1-4E41-BDDE-3AEC975553FD}.Release|Any CPU.ActiveCfg = Release|Any CPU
		{98223F72-4EE1-4E41-BDDE-3AEC975553FD}.Release|Any CPU.Build.0 = Release|Any CPU
		{D720427E-5253-49D5-B9A5-3CB33ED5AD9E}.Debug|Any CPU.ActiveCfg = Debug|Any CPU
		{D720427E-5253-49D5-B9A5-3CB33ED5AD9E}.Debug|Any CPU.Build.0 = Debug|Any CPU
		{D720427E-5253-49D5-B9A5-3CB33ED5AD9E}.Release|Any CPU.ActiveCfg = Release|Any CPU
		{D720427E-5253-49D5-B9A5-3CB33ED5AD9E}.Release|Any CPU.Build.0 = Release|Any CPU
		{7D6D562B-F08A-4829-9078-B37353515FE2}.Debug|Any CPU.ActiveCfg = Debug|Any CPU
		{7D6D562B-F08A-4829-9078-B37353515FE2}.Debug|Any CPU.Build.0 = Debug|Any CPU
		{7D6D562B-F08A-4829-9078-B37353515FE2}.Release|Any CPU.ActiveCfg = Release|Any CPU
		{7D6D562B-F08A-4829-9078-B37353515FE2}.Release|Any CPU.Build.0 = Release|Any CPU
		{7268A054-8D8E-466E-8852-60668E4F2E31}.Debug|Any CPU.ActiveCfg = Debug|Any CPU
		{7268A054-8D8E-466E-8852-60668E4F2E31}.Debug|Any CPU.Build.0 = Debug|Any CPU
		{7268A054-8D8E-466E-8852-60668E4F2E31}.Release|Any CPU.ActiveCfg = Release|Any CPU
		{7268A054-8D8E-466E-8852-60668E4F2E31}.Release|Any CPU.Build.0 = Release|Any CPU
	EndGlobalSection
	GlobalSection(SolutionProperties) = preSolution
		HideSolutionNode = FALSE
	EndGlobalSection
	GlobalSection(ExtensibilityGlobals) = postSolution
		EnterpriseLibraryConfigurationToolBinariesPathV6 = packages\EnterpriseLibrary.TransientFaultHandling.6.0.1304.0\lib\portable-net45+win+wp8;packages\EnterpriseLibrary.TransientFaultHandling.Data.6.0.1304.1\lib\NET45
		SolutionGuid = {58D89D99-DE35-4C68-AE67-A62D4D9FEC7D}
	EndGlobalSection
EndGlobal
